// !$*UTF8*$!
{
	archiveVersion = 1;
	classes = {
	};
	objectVersion = 46;
	objects = {

/* Begin PBXBuildFile section */
		F7C3EE461BD7B5480066908A /* AppDelegate.swift in Sources */ = {isa = PBXBuildFile; fileRef = F7C3EE451BD7B5480066908A /* AppDelegate.swift */; };
		F7C3EE481BD7B5480066908A /* ViewController.swift in Sources */ = {isa = PBXBuildFile; fileRef = F7C3EE471BD7B5480066908A /* ViewController.swift */; };
		F7C3EE4B1BD7B5480066908A /* Main.storyboard in Resources */ = {isa = PBXBuildFile; fileRef = F7C3EE491BD7B5480066908A /* Main.storyboard */; };
		F7C3EE4D1BD7B5480066908A /* Assets.xcassets in Resources */ = {isa = PBXBuildFile; fileRef = F7C3EE4C1BD7B5480066908A /* Assets.xcassets */; };
		F7C3EE501BD7B5480066908A /* LaunchScreen.storyboard in Resources */ = {isa = PBXBuildFile; fileRef = F7C3EE4E1BD7B5480066908A /* LaunchScreen.storyboard */; };
		F7C981AE1BF117E00030E46D /* XmlParser.swift in Sources */ = {isa = PBXBuildFile; fileRef = F7C981AC1BF117E00030E46D /* XmlParser.swift */; };
		F7C981B01BF11A360030E46D /* Credentials.swift in Sources */ = {isa = PBXBuildFile; fileRef = F7C981AF1BF11A360030E46D /* Credentials.swift */; };
/* End PBXBuildFile section */

/* Begin PBXFileReference section */
		F7C3EE421BD7B5480066908A /* Translator.app */ = {isa = PBXFileReference; explicitFileType = wrapper.application; includeInIndex = 0; path = Translator.app; sourceTree = BUILT_PRODUCTS_DIR; };
		F7C3EE451BD7B5480066908A /* AppDelegate.swift */ = {isa = PBXFileReference; lastKnownFileType = sourcecode.swift; path = AppDelegate.swift; sourceTree = "<group>"; };
		F7C3EE471BD7B5480066908A /* ViewController.swift */ = {isa = PBXFileReference; lastKnownFileType = sourcecode.swift; path = ViewController.swift; sourceTree = "<group>"; };
		F7C3EE4A1BD7B5480066908A /* Base */ = {isa = PBXFileReference; lastKnownFileType = file.storyboard; name = Base; path = Base.lproj/Main.storyboard; sourceTree = "<group>"; };
		F7C3EE4C1BD7B5480066908A /* Assets.xcassets */ = {isa = PBXFileReference; lastKnownFileType = folder.assetcatalog; path = Assets.xcassets; sourceTree = "<group>"; };
		F7C3EE4F1BD7B5480066908A /* Base */ = {isa = PBXFileReference; lastKnownFileType = file.storyboard; name = Base; path = Base.lproj/LaunchScreen.storyboard; sourceTree = "<group>"; };
		F7C3EE511BD7B5480066908A /* Info.plist */ = {isa = PBXFileReference; lastKnownFileType = text.plist.xml; path = Info.plist; sourceTree = "<group>"; };
		F7C981AC1BF117E00030E46D /* XmlParser.swift */ = {isa = PBXFileReference; fileEncoding = 4; lastKnownFileType = sourcecode.swift; path = XmlParser.swift; sourceTree = "<group>"; };
		F7C981AF1BF11A360030E46D /* Credentials.swift */ = {isa = PBXFileReference; fileEncoding = 4; lastKnownFileType = sourcecode.swift; path = Credentials.swift; sourceTree = "<group>"; };
/* End PBXFileReference section */

/* Begin PBXFrameworksBuildPhase section */
		F7C3EE3F1BD7B5480066908A /* Frameworks */ = {
			isa = PBXFrameworksBuildPhase;
			buildActionMask = 2147483647;
			files = (
			);
			runOnlyForDeploymentPostprocessing = 0;
		};
/* End PBXFrameworksBuildPhase section */

/* Begin PBXGroup section */
		F7C3EE391BD7B5480066908A = {
			isa = PBXGroup;
			children = (
				F7C3EE441BD7B5480066908A /* Translator */,
				F7C3EE431BD7B5480066908A /* Products */,
			);
			sourceTree = "<group>";
		};
		F7C3EE431BD7B5480066908A /* Products */ = {
			isa = PBXGroup;
			children = (
				F7C3EE421BD7B5480066908A /* Translator.app */,
			);
			name = Products;
			sourceTree = "<group>";
		};
		F7C3EE441BD7B5480066908A /* Translator */ = {
			isa = PBXGroup;
			children = (
				F7C981AF1BF11A360030E46D /* Credentials.swift */,
				F7C981AC1BF117E00030E46D /* XmlParser.swift */,
				F7C3EE451BD7B5480066908A /* AppDelegate.swift */,
				F7C3EE471BD7B5480066908A /* ViewController.swift */,
				F7C3EE491BD7B5480066908A /* Main.storyboard */,
				F7C3EE4C1BD7B5480066908A /* Assets.xcassets */,
				F7C3EE4E1BD7B5480066908A /* LaunchScreen.storyboard */,
				F7C3EE511BD7B5480066908A /* Info.plist */,
			);
			path = Translator;
			sourceTree = "<group>";
		};
/* End PBXGroup section */

/* Begin PBXNativeTarget section */
		F7C3EE411BD7B5480066908A /* Translator */ = {
			isa = PBXNativeTarget;
			buildConfigurationList = F7C3EE541BD7B5480066908A /* Build configuration list for PBXNativeTarget "Translator" */;
			buildPhases = (
				F7C3EE3E1BD7B5480066908A /* Sources */,
				F7C3EE3F1BD7B5480066908A /* Frameworks */,
				F7C3EE401BD7B5480066908A /* Resources */,
			);
			buildRules = (
			);
			dependencies = (
			);
			name = Translator;
			productName = Translator;
			productReference = F7C3EE421BD7B5480066908A /* Translator.app */;
			productType = "com.apple.product-type.application";
		};
/* End PBXNativeTarget section */

/* Begin PBXProject section */
		F7C3EE3A1BD7B5480066908A /* Project object */ = {
			isa = PBXProject;
			attributes = {
				LastUpgradeCheck = 0700;
				ORGANIZATIONNAME = "Adam Nagy";
				TargetAttributes = {
					F7C3EE411BD7B5480066908A = {
						CreatedOnToolsVersion = 7.0.1;
					};
				};
			};
			buildConfigurationList = F7C3EE3D1BD7B5480066908A /* Build configuration list for PBXProject "Translator" */;
			compatibilityVersion = "Xcode 3.2";
			developmentRegion = English;
			hasScannedForEncodings = 0;
			knownRegions = (
				en,
				Base,
			);
			mainGroup = F7C3EE391BD7B5480066908A;
			productRefGroup = F7C3EE431BD7B5480066908A /* Products */;
			projectDirPath = "";
			projectRoot = "";
			targets = (
				F7C3EE411BD7B5480066908A /* Translator */,
			);
		};
/* End PBXProject section */

/* Begin PBXResourcesBuildPhase section */
		F7C3EE401BD7B5480066908A /* Resources */ = {
			isa = PBXResourcesBuildPhase;
			buildActionMask = 2147483647;
			files = (
				F7C3EE501BD7B5480066908A /* LaunchScreen.storyboard in Resources */,
				F7C3EE4D1BD7B5480066908A /* Assets.xcassets in Resources */,
				F7C3EE4B1BD7B5480066908A /* Main.storyboard in Resources */,
			);
			runOnlyForDeploymentPostprocessing = 0;
		};
/* End PBXResourcesBuildPhase section */

/* Begin PBXSourcesBuildPhase section */
		F7C3EE3E1BD7B5480066908A /* Sources */ = {
			isa = PBXSourcesBuildPhase;
			buildActionMask = 2147483647;
			files = (
				F7C3EE481BD7B5480066908A /* ViewController.swift in Sources */,
				F7C3EE461BD7B5480066908A /* AppDelegate.swift in Sources */,
				F7C981B01BF11A360030E46D /* Credentials.swift in Sources */,
				F7C981AE1BF117E00030E46D /* XmlParser.swift in Sources */,
			);
			runOnlyForDeploymentPostprocessing = 0;
		};
/* End PBXSourcesBuildPhase section */

/* Begin PBXVariantGroup section */
		F7C3EE491BD7B5480066908A /* Main.storyboard */ = {
			isa = PBXVariantGroup;
			children = (
				F7C3EE4A1BD7B5480066908A /* Base */,
			);
			name = Main.storyboard;
			sourceTree = "<group>";
		};
		F7C3EE4E1BD7B5480066908A /* LaunchScreen.storyboard */ = {
			isa = PBXVariantGroup;
			children = (
				F7C3EE4F1BD7B5480066908A /* Base */,
			);
			name = LaunchScreen.storyboard;
			sourceTree = "<group>";
		};
/* End PBXVariantGroup section */

/* Begin XCBuildConfiguration section */
		F7C3EE521BD7B5480066908A /* Debug */ = {
			isa = XCBuildConfiguration;
			buildSettings = {
				ALWAYS_SEARCH_USER_PATHS = NO;
				CLANG_CXX_LANGUAGE_STANDARD = "gnu++0x";
				CLANG_CXX_LIBRARY = "libc++";
				CLANG_ENABLE_MODULES = YES;
				CLANG_ENABLE_OBJC_ARC = YES;
				CLANG_WARN_BOOL_CONVERSION = YES;
				CLANG_WARN_CONSTANT_CONVERSION = YES;
				CLANG_WARN_DIRECT_OBJC_ISA_USAGE = YES_ERROR;
				CLANG_WARN_EMPTY_BODY = YES;
				CLANG_WARN_ENUM_CONVERSION = YES;
				CLANG_WARN_INT_CONVERSION = YES;
				CLANG_WARN_OBJC_ROOT_CLASS = YES_ERROR;
				CLANG_WARN_UNREACHABLE_CODE = YES;
				CLANG_WARN__DUPLICATE_METHOD_MATCH = YES;
				"CODE_SIGN_IDENTITY[sdk=iphoneos*]" = "iPhone Developer";
				COPY_PHASE_STRIP = NO;
				DEBUG_INFORMATION_FORMAT = dwarf;
				ENABLE_STRICT_OBJC_MSGSEND = YES;
				ENABLE_TESTABILITY = YES;
				GCC_C_LANGUAGE_STANDARD = gnu99;
				GCC_DYNAMIC_NO_PIC = NO;
				GCC_NO_COMMON_BLOCKS = YES;
				GCC_OPTIMIZATION_LEVEL = 0;
				GCC_PREPROCESSOR_DEFINITIONS = (
					"DEBUG=1",
					"$(inherited)",
				);
				GCC_WARN_64_TO_32_BIT_CONVERSION = YES;
				GCC_WARN_ABOUT_RETURN_TYPE = YES_ERROR;
				GCC_WARN_UNDECLARED_SELECTOR = YES;
				GCC_WARN_UNINITIALIZED_AUTOS = YES_AGGRESSIVE;
				GCC_WARN_UNUSED_FUNCTION = YES;
				GCC_WARN_UNUSED_VARIABLE = YES;
				IPHONEOS_DEPLOYMENT_TARGET = 9.0;
				MTL_ENABLE_DEBUG_INFO = YES;
				ONLY_ACTIVE_ARCH = YES;
				SDKROOT = iphoneos;
				SWIFT_OPTIMIZATION_LEVEL = "-Onone";
				TARGETED_DEVICE_FAMILY = "1,2";
			};
			name = Debug;
		};
		F7C3EE531BD7B5480066908A /* Release */ = {
			isa = XCBuildConfiguration;
			buildSettings = {
				ALWAYS_SEARCH_USER_PATHS = NO;
				CLANG_CXX_LANGUAGE_STANDARD = "gnu++0x";
				CLANG_CXX_LIBRARY = "libc++";
				CLANG_ENABLE_MODULES = YES;
				CLANG_ENABLE_OBJC_ARC = YES;
				CLANG_WARN_BOOL_CONVERSION = YES;
				CLANG_WARN_CONSTANT_CONVERSION = YES;
				CLANG_WARN_DIRECT_OBJC_ISA_USAGE = YES_ERROR;
				CLANG_WARN_EMPTY_BODY = YES;
				CLANG_WARN_ENUM_CONVERSION = YES;
				CLANG_WARN_INT_CONVERSION = YES;
				CLANG_WARN_OBJC_ROOT_CLASS = YES_ERROR;
				CLANG_WARN_UNREACHABLE_CODE = YES;
				CLANG_WARN__DUPLICATE_METHOD_MATCH = YES;
				"CODE_SIGN_IDENTITY[sdk=iphoneos*]" = "iPhone Developer";
				COPY_PHASE_STRIP = NO;
				DEBUG_INFORMATION_FORMAT = "dwarf-with-dsym";
				ENABLE_NS_ASSERTIONS = NO;
				ENABLE_STRICT_OBJC_MSGSEND = YES;
				GCC_C_LANGUAGE_STANDARD = gnu99;
				GCC_NO_COMMON_BLOCKS = YES;
				GCC_WARN_64_TO_32_BIT_CONVERSION = YES;
				GCC_WARN_ABOUT_RETURN_TYPE = YES_ERROR;
				GCC_WARN_UNDECLARED_SELECTOR = YES;
				GCC_WARN_UNINITIALIZED_AUTOS = YES_AGGRESSIVE;
				GCC_WARN_UNUSED_FUNCTION = YES;
				GCC_WARN_UNUSED_VARIABLE = YES;
				IPHONEOS_DEPLOYMENT_TARGET = 9.0;
				MTL_ENABLE_DEBUG_INFO = NO;
				SDKROOT = iphoneos;
				TARGETED_DEVICE_FAMILY = "1,2";
				VALIDATE_PRODUCT = YES;
			};
			name = Release;
		};
		F7C3EE551BD7B5480066908A /* Debug */ = {
			isa = XCBuildConfiguration;
			buildSettings = {
				ASSETCATALOG_COMPILER_APPICON_NAME = AppIcon;
				INFOPLIST_FILE = Translator/Info.plist;
				LD_RUNPATH_SEARCH_PATHS = "$(inherited) @executable_path/Frameworks";
				PRODUCT_BUNDLE_IDENTIFIER = com.autodesk.Translator;
				PRODUCT_NAME = "$(TARGET_NAME)";
			};
			name = Debug;
		};
		F7C3EE561BD7B5480066908A /* Release */ = {
			isa = XCBuildConfiguration;
			buildSettings = {
				ASSETCATALOG_COMPILER_APPICON_NAME = AppIcon;
				INFOPLIST_FILE = Translator/Info.plist;
				LD_RUNPATH_SEARCH_PATHS = "$(inherited) @executable_path/Frameworks";
				PRODUCT_BUNDLE_IDENTIFIER = com.autodesk.Translator;
				PRODUCT_NAME = "$(TARGET_NAME)";
			};
			name = Release;
		};
/* End XCBuildConfiguration section */

/* Begin XCConfigurationList section */
		F7C3EE3D1BD7B5480066908A /* Build configuration list for PBXProject "Translator" */ = {
			isa = XCConfigurationList;
			buildConfigurations = (
				F7C3EE521BD7B5480066908A /* Debug */,
				F7C3EE531BD7B5480066908A /* Release */,
			);
			defaultConfigurationIsVisible = 0;
			defaultConfigurationName = Release;
		};
		F7C3EE541BD7B5480066908A /* Build configuration list for PBXNativeTarget "Translator" */ = {
			isa = XCConfigurationList;
			buildConfigurations = (
				F7C3EE551BD7B5480066908A /* Debug */,
				F7C3EE561BD7B5480066908A /* Release */,
			);
			defaultConfigurationIsVisible = 0;
			defaultConfigurationName = Release;
		};
/* End XCConfigurationList section */
	};
	rootObject = F7C3EE3A1BD7B5480066908A /* Project object */;
}
